
Microsoft Visual Studio Solution File, Format Version 12.00
# Visual Studio Version 17
VisualStudioVersion = 17.4.33213.308
MinimumVisualStudioVersion = 10.0.40219.1
Project("{FAE04EC0-301F-11D3-BF4B-00C04F79EFBC}") = "Bitventure_Accounts.Server", "Bitventure_Accounts\Server\Bitventure_Accounts.Server.csproj", "{B45B74E5-C96D-455A-B33C-1B1C83C730D7}"
EndProject
Project("{FAE04EC0-301F-11D3-BF4B-00C04F79EFBC}") = "Bitventure_Accounts.Client", "Bitventure_Accounts\Client\Bitventure_Accounts.Client.csproj", "{D3ACFE82-5241-4542-A3D7-46302A5ABF82}"
EndProject
Project("{FAE04EC0-301F-11D3-BF4B-00C04F79EFBC}") = "Bitventure_Accounts.Shared", "Bitventure_Accounts\Shared\Bitventure_Accounts.Shared.csproj", "{71A68784-47B0-44C2-BF8E-FA5F4E6E7B37}"
EndProject
Global
	GlobalSection(SolutionConfigurationPlatforms) = preSolution
		Debug|Any CPU = Debug|Any CPU
		Release|Any CPU = Release|Any CPU
	EndGlobalSection
	GlobalSection(ProjectConfigurationPlatforms) = postSolution
		{B45B74E5-C96D-455A-B33C-1B1C83C730D7}.Debug|Any CPU.ActiveCfg = Debug|Any CPU
		{B45B74E5-C96D-455A-B33C-1B1C83C730D7}.Debug|Any CPU.Build.0 = Debug|Any CPU
		{B45B74E5-C96D-455A-B33C-1B1C83C730D7}.Release|Any CPU.ActiveCfg = Release|Any CPU
		{B45B74E5-C96D-455A-B33C-1B1C83C730D7}.Release|Any CPU.Build.0 = Release|Any CPU
		{D3ACFE82-5241-4542-A3D7-46302A5ABF82}.Debug|Any CPU.ActiveCfg = Debug|Any CPU
		{D3ACFE82-5241-4542-A3D7-46302A5ABF82}.Debug|Any CPU.Build.0 = Debug|Any CPU
		{D3ACFE82-5241-4542-A3D7-46302A5ABF82}.Release|Any CPU.ActiveCfg = Release|Any CPU
		{D3ACFE82-5241-4542-A3D7-46302A5ABF82}.Release|Any CPU.Build.0 = Release|Any CPU
		{71A68784-47B0-44C2-BF8E-FA5F4E6E7B37}.Debug|Any CPU.ActiveCfg = Debug|Any CPU
		{71A68784-47B0-44C2-BF8E-FA5F4E6E7B37}.Debug|Any CPU.Build.0 = Debug|Any CPU
		{71A68784-47B0-44C2-BF8E-FA5F4E6E7B37}.Release|Any CPU.ActiveCfg = Release|Any CPU
		{71A68784-47B0-44C2-BF8E-FA5F4E6E7B37}.Release|Any CPU.Build.0 = Release|Any CPU
	EndGlobalSection
	GlobalSection(SolutionProperties) = preSolution
		HideSolutionNode = FALSE
	EndGlobalSection
	GlobalSection(ExtensibilityGlobals) = postSolution
		SolutionGuid = {43207D28-1703-483B-B11A-BB3019D2F6B2}
	EndGlobalSection
EndGlobal
